<?xml version="1.0" encoding="utf-8"?>
<Project ToolsVersion="4.0" xmlns="http://schemas.microsoft.com/developer/msbuild/2003">
  <ItemGroup>
    <Filter Include="VisualGDB settings">
      <UniqueIdentifier>{f027f960-1d0f-498a-99dd-432ce604690a}</UniqueIdentifier>
      <Extensions>vgdbsettings</Extensions>
    </Filter>
    <Filter Include="Device-specific files">
      <UniqueIdentifier>{c4d0fe57-05f9-42b7-b2d2-9ed9f01bf102}</UniqueIdentifier>
    </Filter>
    <Filter Include="Integration Tests">
      <UniqueIdentifier>{f8d2d1ff-ae2d-47a6-8343-35200c59e629}</UniqueIdentifier>
      <Extensions>vgdbtests</Extensions>
    </Filter>
  </ItemGroup>
  <ItemGroup>
    <None Include="GXB172-Debug.vgdbsettings">
      <Filter>VisualGDB settings</Filter>
    </None>
    <None Include="GXB172-Release.vgdbsettings">
      <Filter>VisualGDB settings</Filter>
    </None>
    <None Include="avr.props">
      <Filter>VisualGDB settings</Filter>
    </None>
    <None Include="GXB172.vgdbtests">
      <Filter>Integration Tests</Filter>
    </None>
  </ItemGroup>
  <ItemGroup>
    <Xml Include="avr.xml">
      <Filter>VisualGDB settings</Filter>
    </Xml>
  </ItemGroup>
  <ItemGroup>
    <ClCompile Include="main.cpp" />
  </ItemGroup>
  <ItemGroup>
    <ClInclude Include="LED.h" />
    <ClInclude Include="MP3431.h" />
    <ClInclude Include="PWM.h" />
    <ClInclude Include="TMP103.h" />
    <ClInclude Include="Battery.h" />
    <ClInclude Include="I2C.h" />
    <ClInclude Include="ADC.h" />
    <ClInclude Include="PID.h" />
    <ClInclude Include="EEPPROM.h" />
    <ClInclude Include="MedianFilter.h" />
  </ItemGroup>
</Project>